// !$*UTF8*$!
{
	archiveVersion = 1;
	classes = {
	};
	objectVersion = 56;
	objects = {

/* Begin PBXBuildFile section */
		3D2009B42BDFF5E9003A12F1 /* UIHelper.swift in Sources */ = {isa = PBXBuildFile; fileRef = 3D2009B32BDFF5E8003A12F1 /* UIHelper.swift */; };
		3D2009BB2BE01BBE003A12F1 /* GFEmptyStateView.swift in Sources */ = {isa = PBXBuildFile; fileRef = 3D2009BA2BE01BBE003A12F1 /* GFEmptyStateView.swift */; };
		3D2009BD2BE02ACC003A12F1 /* UserInfoViewController.swift in Sources */ = {isa = PBXBuildFile; fileRef = 3D2009BC2BE02ACC003A12F1 /* UserInfoViewController.swift */; };
		3D2009BF2BE0348C003A12F1 /* GFUserInfoHeaderViewController.swift in Sources */ = {isa = PBXBuildFile; fileRef = 3D2009BE2BE0348C003A12F1 /* GFUserInfoHeaderViewController.swift */; };
		3D2009C12BE03537003A12F1 /* GFSecondaryTitleLabel.swift in Sources */ = {isa = PBXBuildFile; fileRef = 3D2009C02BE03537003A12F1 /* GFSecondaryTitleLabel.swift */; };
		3D2009C32BE0415C003A12F1 /* Constants.swift in Sources */ = {isa = PBXBuildFile; fileRef = 3D2009C22BE0415C003A12F1 /* Constants.swift */; };
		3D2009C52BE06B3E003A12F1 /* GFItemInfoView.swift in Sources */ = {isa = PBXBuildFile; fileRef = 3D2009C42BE06B3E003A12F1 /* GFItemInfoView.swift */; };
		3D2009C82BE0702D003A12F1 /* GFItemInfoViewController.swift in Sources */ = {isa = PBXBuildFile; fileRef = 3D2009C72BE0702D003A12F1 /* GFItemInfoViewController.swift */; };
		3D2009CA2BE0730D003A12F1 /* GFRepoItemViewController.swift in Sources */ = {isa = PBXBuildFile; fileRef = 3D2009C92BE0730D003A12F1 /* GFRepoItemViewController.swift */; };
		3D2009CC2BE074E8003A12F1 /* GFFollowerItemViewController.swift in Sources */ = {isa = PBXBuildFile; fileRef = 3D2009CB2BE074E8003A12F1 /* GFFollowerItemViewController.swift */; };
		3D2009D12BE07E88003A12F1 /* Date+Ext.swift in Sources */ = {isa = PBXBuildFile; fileRef = 3D2009D02BE07E88003A12F1 /* Date+Ext.swift */; };
		3D2009D32BE127B1003A12F1 /* PersistenceManager.swift in Sources */ = {isa = PBXBuildFile; fileRef = 3D2009D22BE127B1003A12F1 /* PersistenceManager.swift */; };
		3D2009D52BE13DD4003A12F1 /* FavoriteCell.swift in Sources */ = {isa = PBXBuildFile; fileRef = 3D2009D42BE13DD4003A12F1 /* FavoriteCell.swift */; };
		3D2009D82BE17035003A12F1 /* GFTabBarController.swift in Sources */ = {isa = PBXBuildFile; fileRef = 3D2009D72BE17035003A12F1 /* GFTabBarController.swift */; };
		3D2009DA2BE17744003A12F1 /* GFAlertContainerView.swift in Sources */ = {isa = PBXBuildFile; fileRef = 3D2009D92BE17744003A12F1 /* GFAlertContainerView.swift */; };
		3D2009DC2BE184B3003A12F1 /* UIView+Ext.swift in Sources */ = {isa = PBXBuildFile; fileRef = 3D2009DB2BE184B3003A12F1 /* UIView+Ext.swift */; };
		3D2009DF2BE1A9CC003A12F1 /* FollowerSwiftUIView.swift in Sources */ = {isa = PBXBuildFile; fileRef = 3D2009DE2BE1A9CC003A12F1 /* FollowerSwiftUIView.swift */; };
		3D588C522BDACF6B00EB98B4 /* AppDelegate.swift in Sources */ = {isa = PBXBuildFile; fileRef = 3D588C512BDACF6B00EB98B4 /* AppDelegate.swift */; };
		3D588C542BDACF6B00EB98B4 /* SceneDelegate.swift in Sources */ = {isa = PBXBuildFile; fileRef = 3D588C532BDACF6B00EB98B4 /* SceneDelegate.swift */; };
		3D588C5B2BDACF6D00EB98B4 /* Assets.xcassets in Resources */ = {isa = PBXBuildFile; fileRef = 3D588C5A2BDACF6D00EB98B4 /* Assets.xcassets */; };
		3D588C5E2BDACF6D00EB98B4 /* LaunchScreen.storyboard in Resources */ = {isa = PBXBuildFile; fileRef = 3D588C5C2BDACF6D00EB98B4 /* LaunchScreen.storyboard */; };
		3D588C662BDAD73500EB98B4 /* SearchViewController.swift in Sources */ = {isa = PBXBuildFile; fileRef = 3D588C652BDAD73500EB98B4 /* SearchViewController.swift */; };
		3D588C682BDAD77100EB98B4 /* FavoritesListViewController.swift in Sources */ = {isa = PBXBuildFile; fileRef = 3D588C672BDAD77100EB98B4 /* FavoritesListViewController.swift */; };
		3D588C6A2BDADF3400EB98B4 /* GFButton.swift in Sources */ = {isa = PBXBuildFile; fileRef = 3D588C692BDADF3400EB98B4 /* GFButton.swift */; };
		3D588C6C2BDAE27900EB98B4 /* GFTextField.swift in Sources */ = {isa = PBXBuildFile; fileRef = 3D588C6B2BDAE27900EB98B4 /* GFTextField.swift */; };
		3D588C6E2BDAF2A800EB98B4 /* FollowerListViewController.swift in Sources */ = {isa = PBXBuildFile; fileRef = 3D588C6D2BDAF2A800EB98B4 /* FollowerListViewController.swift */; };
		3D588C702BDAF7BC00EB98B4 /* GFTitleLabel.swift in Sources */ = {isa = PBXBuildFile; fileRef = 3D588C6F2BDAF7BC00EB98B4 /* GFTitleLabel.swift */; };
		3D588C722BDAFA0100EB98B4 /* GFBodyLabel.swift in Sources */ = {isa = PBXBuildFile; fileRef = 3D588C712BDAFA0100EB98B4 /* GFBodyLabel.swift */; };
		3D588C742BDAFAB700EB98B4 /* GFAlertViewController.swift in Sources */ = {isa = PBXBuildFile; fileRef = 3D588C732BDAFAB700EB98B4 /* GFAlertViewController.swift */; };
		3D588C762BDB012800EB98B4 /* UIViewController+Ext.swift in Sources */ = {isa = PBXBuildFile; fileRef = 3D588C752BDB012800EB98B4 /* UIViewController+Ext.swift */; };
		3D588C7E2BDB07E600EB98B4 /* Follower.swift in Sources */ = {isa = PBXBuildFile; fileRef = 3D588C7D2BDB07E600EB98B4 /* Follower.swift */; };
		3D588C802BDBE3C300EB98B4 /* User.swift in Sources */ = {isa = PBXBuildFile; fileRef = 3D588C7F2BDBE3C300EB98B4 /* User.swift */; };
		3D588C832BDBE82300EB98B4 /* NetworkManager.swift in Sources */ = {isa = PBXBuildFile; fileRef = 3D588C822BDBE82300EB98B4 /* NetworkManager.swift */; };
		3D588C852BDBED8D00EB98B4 /* AlertItem.swift in Sources */ = {isa = PBXBuildFile; fileRef = 3D588C842BDBED8D00EB98B4 /* AlertItem.swift */; };
		3D588C882BDBFCE400EB98B4 /* FollowerCell.swift in Sources */ = {isa = PBXBuildFile; fileRef = 3D588C872BDBFCE400EB98B4 /* FollowerCell.swift */; };
		3D588C8A2BDBFD6E00EB98B4 /* GFAvatarImageView.swift in Sources */ = {isa = PBXBuildFile; fileRef = 3D588C892BDBFD6E00EB98B4 /* GFAvatarImageView.swift */; };
/* End PBXBuildFile section */

/* Begin PBXFileReference section */
		3D2009B32BDFF5E8003A12F1 /* UIHelper.swift */ = {isa = PBXFileReference; lastKnownFileType = sourcecode.swift; path = UIHelper.swift; sourceTree = "<group>"; };
		3D2009BA2BE01BBE003A12F1 /* GFEmptyStateView.swift */ = {isa = PBXFileReference; lastKnownFileType = sourcecode.swift; path = GFEmptyStateView.swift; sourceTree = "<group>"; };
		3D2009BC2BE02ACC003A12F1 /* UserInfoViewController.swift */ = {isa = PBXFileReference; lastKnownFileType = sourcecode.swift; path = UserInfoViewController.swift; sourceTree = "<group>"; };
		3D2009BE2BE0348C003A12F1 /* GFUserInfoHeaderViewController.swift */ = {isa = PBXFileReference; lastKnownFileType = sourcecode.swift; path = GFUserInfoHeaderViewController.swift; sourceTree = "<group>"; };
		3D2009C02BE03537003A12F1 /* GFSecondaryTitleLabel.swift */ = {isa = PBXFileReference; lastKnownFileType = sourcecode.swift; path = GFSecondaryTitleLabel.swift; sourceTree = "<group>"; };
		3D2009C22BE0415C003A12F1 /* Constants.swift */ = {isa = PBXFileReference; lastKnownFileType = sourcecode.swift; path = Constants.swift; sourceTree = "<group>"; };
		3D2009C42BE06B3E003A12F1 /* GFItemInfoView.swift */ = {isa = PBXFileReference; lastKnownFileType = sourcecode.swift; path = GFItemInfoView.swift; sourceTree = "<group>"; };
		3D2009C72BE0702D003A12F1 /* GFItemInfoViewController.swift */ = {isa = PBXFileReference; lastKnownFileType = sourcecode.swift; path = GFItemInfoViewController.swift; sourceTree = "<group>"; };
		3D2009C92BE0730D003A12F1 /* GFRepoItemViewController.swift */ = {isa = PBXFileReference; lastKnownFileType = sourcecode.swift; path = GFRepoItemViewController.swift; sourceTree = "<group>"; };
		3D2009CB2BE074E8003A12F1 /* GFFollowerItemViewController.swift */ = {isa = PBXFileReference; lastKnownFileType = sourcecode.swift; path = GFFollowerItemViewController.swift; sourceTree = "<group>"; };
		3D2009D02BE07E88003A12F1 /* Date+Ext.swift */ = {isa = PBXFileReference; lastKnownFileType = sourcecode.swift; path = "Date+Ext.swift"; sourceTree = "<group>"; };
		3D2009D22BE127B1003A12F1 /* PersistenceManager.swift */ = {isa = PBXFileReference; lastKnownFileType = sourcecode.swift; path = PersistenceManager.swift; sourceTree = "<group>"; };
		3D2009D42BE13DD4003A12F1 /* FavoriteCell.swift */ = {isa = PBXFileReference; lastKnownFileType = sourcecode.swift; path = FavoriteCell.swift; sourceTree = "<group>"; };
		3D2009D72BE17035003A12F1 /* GFTabBarController.swift */ = {isa = PBXFileReference; lastKnownFileType = sourcecode.swift; path = GFTabBarController.swift; sourceTree = "<group>"; };
		3D2009D92BE17744003A12F1 /* GFAlertContainerView.swift */ = {isa = PBXFileReference; lastKnownFileType = sourcecode.swift; path = GFAlertContainerView.swift; sourceTree = "<group>"; };
		3D2009DB2BE184B3003A12F1 /* UIView+Ext.swift */ = {isa = PBXFileReference; lastKnownFileType = sourcecode.swift; path = "UIView+Ext.swift"; sourceTree = "<group>"; };
		3D2009DE2BE1A9CC003A12F1 /* FollowerSwiftUIView.swift */ = {isa = PBXFileReference; lastKnownFileType = sourcecode.swift; path = FollowerSwiftUIView.swift; sourceTree = "<group>"; };
		3D588C4E2BDACF6B00EB98B4 /* GithubSearchAppUIKit.app */ = {isa = PBXFileReference; explicitFileType = wrapper.application; includeInIndex = 0; path = GithubSearchAppUIKit.app; sourceTree = BUILT_PRODUCTS_DIR; };
		3D588C512BDACF6B00EB98B4 /* AppDelegate.swift */ = {isa = PBXFileReference; lastKnownFileType = sourcecode.swift; path = AppDelegate.swift; sourceTree = "<group>"; };
		3D588C532BDACF6B00EB98B4 /* SceneDelegate.swift */ = {isa = PBXFileReference; lastKnownFileType = sourcecode.swift; path = SceneDelegate.swift; sourceTree = "<group>"; };
		3D588C5A2BDACF6D00EB98B4 /* Assets.xcassets */ = {isa = PBXFileReference; lastKnownFileType = folder.assetcatalog; path = Assets.xcassets; sourceTree = "<group>"; };
		3D588C5D2BDACF6D00EB98B4 /* Base */ = {isa = PBXFileReference; lastKnownFileType = file.storyboard; name = Base; path = Base.lproj/LaunchScreen.storyboard; sourceTree = "<group>"; };
		3D588C5F2BDACF6D00EB98B4 /* Info.plist */ = {isa = PBXFileReference; lastKnownFileType = text.plist.xml; path = Info.plist; sourceTree = "<group>"; };
		3D588C652BDAD73500EB98B4 /* SearchViewController.swift */ = {isa = PBXFileReference; lastKnownFileType = sourcecode.swift; path = SearchViewController.swift; sourceTree = "<group>"; };
		3D588C672BDAD77100EB98B4 /* FavoritesListViewController.swift */ = {isa = PBXFileReference; lastKnownFileType = sourcecode.swift; path = FavoritesListViewController.swift; sourceTree = "<group>"; };
		3D588C692BDADF3400EB98B4 /* GFButton.swift */ = {isa = PBXFileReference; lastKnownFileType = sourcecode.swift; path = GFButton.swift; sourceTree = "<group>"; };
		3D588C6B2BDAE27900EB98B4 /* GFTextField.swift */ = {isa = PBXFileReference; lastKnownFileType = sourcecode.swift; path = GFTextField.swift; sourceTree = "<group>"; };
		3D588C6D2BDAF2A800EB98B4 /* FollowerListViewController.swift */ = {isa = PBXFileReference; lastKnownFileType = sourcecode.swift; path = FollowerListViewController.swift; sourceTree = "<group>"; };
		3D588C6F2BDAF7BC00EB98B4 /* GFTitleLabel.swift */ = {isa = PBXFileReference; lastKnownFileType = sourcecode.swift; path = GFTitleLabel.swift; sourceTree = "<group>"; };
		3D588C712BDAFA0100EB98B4 /* GFBodyLabel.swift */ = {isa = PBXFileReference; lastKnownFileType = sourcecode.swift; path = GFBodyLabel.swift; sourceTree = "<group>"; };
		3D588C732BDAFAB700EB98B4 /* GFAlertViewController.swift */ = {isa = PBXFileReference; lastKnownFileType = sourcecode.swift; path = GFAlertViewController.swift; sourceTree = "<group>"; };
		3D588C752BDB012800EB98B4 /* UIViewController+Ext.swift */ = {isa = PBXFileReference; lastKnownFileType = sourcecode.swift; path = "UIViewController+Ext.swift"; sourceTree = "<group>"; };
		3D588C7D2BDB07E600EB98B4 /* Follower.swift */ = {isa = PBXFileReference; lastKnownFileType = sourcecode.swift; path = Follower.swift; sourceTree = "<group>"; };
		3D588C7F2BDBE3C300EB98B4 /* User.swift */ = {isa = PBXFileReference; lastKnownFileType = sourcecode.swift; path = User.swift; sourceTree = "<group>"; };
		3D588C822BDBE82300EB98B4 /* NetworkManager.swift */ = {isa = PBXFileReference; lastKnownFileType = sourcecode.swift; path = NetworkManager.swift; sourceTree = "<group>"; };
		3D588C842BDBED8D00EB98B4 /* AlertItem.swift */ = {isa = PBXFileReference; lastKnownFileType = sourcecode.swift; path = AlertItem.swift; sourceTree = "<group>"; };
		3D588C872BDBFCE400EB98B4 /* FollowerCell.swift */ = {isa = PBXFileReference; lastKnownFileType = sourcecode.swift; path = FollowerCell.swift; sourceTree = "<group>"; };
		3D588C892BDBFD6E00EB98B4 /* GFAvatarImageView.swift */ = {isa = PBXFileReference; lastKnownFileType = sourcecode.swift; path = GFAvatarImageView.swift; sourceTree = "<group>"; };
/* End PBXFileReference section */

/* Begin PBXFrameworksBuildPhase section */
		3D588C4B2BDACF6B00EB98B4 /* Frameworks */ = {
			isa = PBXFrameworksBuildPhase;
			buildActionMask = 2147483647;
			files = (
			);
			runOnlyForDeploymentPostprocessing = 0;
		};
/* End PBXFrameworksBuildPhase section */

/* Begin PBXGroup section */
		3D2009B52BE01ACB003A12F1 /* Buttons */ = {
			isa = PBXGroup;
			children = (
				3D588C692BDADF3400EB98B4 /* GFButton.swift */,
			);
			path = Buttons;
			sourceTree = "<group>";
		};
		3D2009B62BE01AD4003A12F1 /* TextFields */ = {
			isa = PBXGroup;
			children = (
				3D588C6B2BDAE27900EB98B4 /* GFTextField.swift */,
			);
			path = TextFields;
			sourceTree = "<group>";
		};
		3D2009B72BE01ADF003A12F1 /* ImageViews */ = {
			isa = PBXGroup;
			children = (
				3D588C892BDBFD6E00EB98B4 /* GFAvatarImageView.swift */,
			);
			path = ImageViews;
			sourceTree = "<group>";
		};
		3D2009B82BE01B52003A12F1 /* LabelViews */ = {
			isa = PBXGroup;
			children = (
				3D588C6F2BDAF7BC00EB98B4 /* GFTitleLabel.swift */,
				3D588C712BDAFA0100EB98B4 /* GFBodyLabel.swift */,
				3D2009C02BE03537003A12F1 /* GFSecondaryTitleLabel.swift */,
			);
			path = LabelViews;
			sourceTree = "<group>";
		};
		3D2009C62BE06FE5003A12F1 /* ViewControllers */ = {
			isa = PBXGroup;
			children = (
				3D2009CD2BE07564003A12F1 /* ItemInfoViewControllers */,
				3D2009BE2BE0348C003A12F1 /* GFUserInfoHeaderViewController.swift */,
			);
			path = ViewControllers;
			sourceTree = "<group>";
		};
		3D2009CD2BE07564003A12F1 /* ItemInfoViewControllers */ = {
			isa = PBXGroup;
			children = (
				3D2009C72BE0702D003A12F1 /* GFItemInfoViewController.swift */,
				3D2009C92BE0730D003A12F1 /* GFRepoItemViewController.swift */,
				3D2009CB2BE074E8003A12F1 /* GFFollowerItemViewController.swift */,
			);
			path = ItemInfoViewControllers;
			sourceTree = "<group>";
		};
		3D2009D62BE17003003A12F1 /* TabBarControllers */ = {
			isa = PBXGroup;
			children = (
				3D2009D72BE17035003A12F1 /* GFTabBarController.swift */,
			);
			path = TabBarControllers;
			sourceTree = "<group>";
		};
		3D2009DD2BE1A970003A12F1 /* FollowerCell */ = {
			isa = PBXGroup;
			children = (
				3D588C872BDBFCE400EB98B4 /* FollowerCell.swift */,
				3D2009DE2BE1A9CC003A12F1 /* FollowerSwiftUIView.swift */,
			);
			path = FollowerCell;
			sourceTree = "<group>";
		};
		3D588C452BDACF6B00EB98B4 = {
			isa = PBXGroup;
			children = (
				3D588C502BDACF6B00EB98B4 /* GithubSearchAppUIKit */,
				3D588C4F2BDACF6B00EB98B4 /* Products */,
			);
			sourceTree = "<group>";
		};
		3D588C4F2BDACF6B00EB98B4 /* Products */ = {
			isa = PBXGroup;
			children = (
				3D588C4E2BDACF6B00EB98B4 /* GithubSearchAppUIKit.app */,
			);
			name = Products;
			sourceTree = "<group>";
		};
		3D588C502BDACF6B00EB98B4 /* GithubSearchAppUIKit */ = {
			isa = PBXGroup;
			children = (
				3D588C812BDBE80E00EB98B4 /* Managers */,
				3D588C7A2BDB03A400EB98B4 /* Utilities */,
				3D588C792BDB038500EB98B4 /* Views */,
				3D588C782BDB037900EB98B4 /* Models */,
				3D588C772BDB037200EB98B4 /* Screens */,
				3D588C512BDACF6B00EB98B4 /* AppDelegate.swift */,
				3D588C532BDACF6B00EB98B4 /* SceneDelegate.swift */,
				3D588C5A2BDACF6D00EB98B4 /* Assets.xcassets */,
				3D588C5C2BDACF6D00EB98B4 /* LaunchScreen.storyboard */,
				3D588C5F2BDACF6D00EB98B4 /* Info.plist */,
			);
			path = GithubSearchAppUIKit;
			sourceTree = "<group>";
		};
		3D588C772BDB037200EB98B4 /* Screens */ = {
			isa = PBXGroup;
			children = (
				3D588C652BDAD73500EB98B4 /* SearchViewController.swift */,
				3D588C6D2BDAF2A800EB98B4 /* FollowerListViewController.swift */,
				3D588C672BDAD77100EB98B4 /* FavoritesListViewController.swift */,
				3D2009BC2BE02ACC003A12F1 /* UserInfoViewController.swift */,
			);
			path = Screens;
			sourceTree = "<group>";
		};
		3D588C782BDB037900EB98B4 /* Models */ = {
			isa = PBXGroup;
			children = (
				3D588C7D2BDB07E600EB98B4 /* Follower.swift */,
				3D588C7F2BDBE3C300EB98B4 /* User.swift */,
			);
			path = Models;
			sourceTree = "<group>";
		};
		3D588C792BDB038500EB98B4 /* Views */ = {
			isa = PBXGroup;
			children = (
				3D2009D62BE17003003A12F1 /* TabBarControllers */,
				3D2009C62BE06FE5003A12F1 /* ViewControllers */,
				3D2009B82BE01B52003A12F1 /* LabelViews */,
				3D2009B72BE01ADF003A12F1 /* ImageViews */,
				3D2009B62BE01AD4003A12F1 /* TextFields */,
				3D2009B52BE01ACB003A12F1 /* Buttons */,
				3D588C862BDBF69F00EB98B4 /* Cells */,
				3D2009BA2BE01BBE003A12F1 /* GFEmptyStateView.swift */,
				3D2009C42BE06B3E003A12F1 /* GFItemInfoView.swift */,
			);
			path = Views;
			sourceTree = "<group>";
		};
		3D588C7A2BDB03A400EB98B4 /* Utilities */ = {
			isa = PBXGroup;
			children = (
				3D588C7C2BDB047C00EB98B4 /* Alerts */,
				3D588C7B2BDB041C00EB98B4 /* Extensions */,
				3D2009B32BDFF5E8003A12F1 /* UIHelper.swift */,
				3D2009C22BE0415C003A12F1 /* Constants.swift */,
			);
			path = Utilities;
			sourceTree = "<group>";
		};
		3D588C7B2BDB041C00EB98B4 /* Extensions */ = {
			isa = PBXGroup;
			children = (
				3D588C752BDB012800EB98B4 /* UIViewController+Ext.swift */,
				3D2009D02BE07E88003A12F1 /* Date+Ext.swift */,
				3D2009DB2BE184B3003A12F1 /* UIView+Ext.swift */,
			);
			path = Extensions;
			sourceTree = "<group>";
		};
		3D588C7C2BDB047C00EB98B4 /* Alerts */ = {
			isa = PBXGroup;
			children = (
				3D588C732BDAFAB700EB98B4 /* GFAlertViewController.swift */,
				3D2009D92BE17744003A12F1 /* GFAlertContainerView.swift */,
				3D588C842BDBED8D00EB98B4 /* AlertItem.swift */,
			);
			path = Alerts;
			sourceTree = "<group>";
		};
		3D588C812BDBE80E00EB98B4 /* Managers */ = {
			isa = PBXGroup;
			children = (
				3D588C822BDBE82300EB98B4 /* NetworkManager.swift */,
				3D2009D22BE127B1003A12F1 /* PersistenceManager.swift */,
			);
			path = Managers;
			sourceTree = "<group>";
		};
		3D588C862BDBF69F00EB98B4 /* Cells */ = {
			isa = PBXGroup;
			children = (
				3D2009DD2BE1A970003A12F1 /* FollowerCell */,
				3D2009D42BE13DD4003A12F1 /* FavoriteCell.swift */,
			);
			path = Cells;
			sourceTree = "<group>";
		};
/* End PBXGroup section */

/* Begin PBXNativeTarget section */
		3D588C4D2BDACF6B00EB98B4 /* GithubSearchAppUIKit */ = {
			isa = PBXNativeTarget;
			buildConfigurationList = 3D588C622BDACF6D00EB98B4 /* Build configuration list for PBXNativeTarget "GithubSearchAppUIKit" */;
			buildPhases = (
				3D588C4A2BDACF6B00EB98B4 /* Sources */,
				3D588C4B2BDACF6B00EB98B4 /* Frameworks */,
				3D588C4C2BDACF6B00EB98B4 /* Resources */,
			);
			buildRules = (
			);
			dependencies = (
			);
			name = GithubSearchAppUIKit;
			productName = "GithubSearchAppUIKit GithubSearchAppUIKit";
			productReference = 3D588C4E2BDACF6B00EB98B4 /* GithubSearchAppUIKit.app */;
			productType = "com.apple.product-type.application";
		};
/* End PBXNativeTarget section */

/* Begin PBXProject section */
		3D588C462BDACF6B00EB98B4 /* Project object */ = {
			isa = PBXProject;
			attributes = {
				BuildIndependentTargetsInParallel = 1;
				LastSwiftUpdateCheck = 1500;
				LastUpgradeCheck = 1500;
				TargetAttributes = {
					3D588C4D2BDACF6B00EB98B4 = {
						CreatedOnToolsVersion = 15.0;
					};
				};
			};
			buildConfigurationList = 3D588C492BDACF6B00EB98B4 /* Build configuration list for PBXProject "GithubSearchAppUIKit" */;
			compatibilityVersion = "Xcode 14.0";
			developmentRegion = en;
			hasScannedForEncodings = 0;
			knownRegions = (
				en,
				Base,
			);
			mainGroup = 3D588C452BDACF6B00EB98B4;
			productRefGroup = 3D588C4F2BDACF6B00EB98B4 /* Products */;
			projectDirPath = "";
			projectRoot = "";
			targets = (
				3D588C4D2BDACF6B00EB98B4 /* GithubSearchAppUIKit */,
			);
		};
/* End PBXProject section */

/* Begin PBXResourcesBuildPhase section */
		3D588C4C2BDACF6B00EB98B4 /* Resources */ = {
			isa = PBXResourcesBuildPhase;
			buildActionMask = 2147483647;
			files = (
				3D588C5E2BDACF6D00EB98B4 /* LaunchScreen.storyboard in Resources */,
				3D588C5B2BDACF6D00EB98B4 /* Assets.xcassets in Resources */,
			);
			runOnlyForDeploymentPostprocessing = 0;
		};
/* End PBXResourcesBuildPhase section */

/* Begin PBXSourcesBuildPhase section */
		3D588C4A2BDACF6B00EB98B4 /* Sources */ = {
			isa = PBXSourcesBuildPhase;
			buildActionMask = 2147483647;
			files = (
				3D588C802BDBE3C300EB98B4 /* User.swift in Sources */,
				3D588C742BDAFAB700EB98B4 /* GFAlertViewController.swift in Sources */,
				3D588C6C2BDAE27900EB98B4 /* GFTextField.swift in Sources */,
				3D2009D82BE17035003A12F1 /* GFTabBarController.swift in Sources */,
				3D588C662BDAD73500EB98B4 /* SearchViewController.swift in Sources */,
				3D588C762BDB012800EB98B4 /* UIViewController+Ext.swift in Sources */,
				3D2009B42BDFF5E9003A12F1 /* UIHelper.swift in Sources */,
				3D2009CC2BE074E8003A12F1 /* GFFollowerItemViewController.swift in Sources */,
				3D2009CA2BE0730D003A12F1 /* GFRepoItemViewController.swift in Sources */,
				3D2009C32BE0415C003A12F1 /* Constants.swift in Sources */,
				3D588C8A2BDBFD6E00EB98B4 /* GFAvatarImageView.swift in Sources */,
				3D588C6A2BDADF3400EB98B4 /* GFButton.swift in Sources */,
				3D2009BF2BE0348C003A12F1 /* GFUserInfoHeaderViewController.swift in Sources */,
				3D2009C52BE06B3E003A12F1 /* GFItemInfoView.swift in Sources */,
				3D588C6E2BDAF2A800EB98B4 /* FollowerListViewController.swift in Sources */,
				3D588C882BDBFCE400EB98B4 /* FollowerCell.swift in Sources */,
				3D588C722BDAFA0100EB98B4 /* GFBodyLabel.swift in Sources */,
				3D588C7E2BDB07E600EB98B4 /* Follower.swift in Sources */,
				3D588C702BDAF7BC00EB98B4 /* GFTitleLabel.swift in Sources */,
				3D588C832BDBE82300EB98B4 /* NetworkManager.swift in Sources */,
				3D2009D12BE07E88003A12F1 /* Date+Ext.swift in Sources */,
				3D2009C12BE03537003A12F1 /* GFSecondaryTitleLabel.swift in Sources */,
				3D2009BB2BE01BBE003A12F1 /* GFEmptyStateView.swift in Sources */,
				3D2009DC2BE184B3003A12F1 /* UIView+Ext.swift in Sources */,
				3D2009D32BE127B1003A12F1 /* PersistenceManager.swift in Sources */,
				3D2009DA2BE17744003A12F1 /* GFAlertContainerView.swift in Sources */,
				3D2009DF2BE1A9CC003A12F1 /* FollowerSwiftUIView.swift in Sources */,
				3D588C522BDACF6B00EB98B4 /* AppDelegate.swift in Sources */,
				3D588C682BDAD77100EB98B4 /* FavoritesListViewController.swift in Sources */,
				3D2009C82BE0702D003A12F1 /* GFItemInfoViewController.swift in Sources */,
				3D2009BD2BE02ACC003A12F1 /* UserInfoViewController.swift in Sources */,
				3D2009D52BE13DD4003A12F1 /* FavoriteCell.swift in Sources */,
				3D588C852BDBED8D00EB98B4 /* AlertItem.swift in Sources */,
				3D588C542BDACF6B00EB98B4 /* SceneDelegate.swift in Sources */,
			);
			runOnlyForDeploymentPostprocessing = 0;
		};
/* End PBXSourcesBuildPhase section */

/* Begin PBXVariantGroup section */
		3D588C5C2BDACF6D00EB98B4 /* LaunchScreen.storyboard */ = {
			isa = PBXVariantGroup;
			children = (
				3D588C5D2BDACF6D00EB98B4 /* Base */,
			);
			name = LaunchScreen.storyboard;
			sourceTree = "<group>";
		};
/* End PBXVariantGroup section */

/* Begin XCBuildConfiguration section */
		3D588C602BDACF6D00EB98B4 /* Debug */ = {
			isa = XCBuildConfiguration;
			buildSettings = {
				ALWAYS_SEARCH_USER_PATHS = NO;
				ASSETCATALOG_COMPILER_GENERATE_SWIFT_ASSET_SYMBOL_EXTENSIONS = YES;
				CLANG_ANALYZER_NONNULL = YES;
				CLANG_ANALYZER_NUMBER_OBJECT_CONVERSION = YES_AGGRESSIVE;
				CLANG_CXX_LANGUAGE_STANDARD = "gnu++20";
				CLANG_ENABLE_MODULES = YES;
				CLANG_ENABLE_OBJC_ARC = YES;
				CLANG_ENABLE_OBJC_WEAK = YES;
				CLANG_WARN_BLOCK_CAPTURE_AUTORELEASING = YES;
				CLANG_WARN_BOOL_CONVERSION = YES;
				CLANG_WARN_COMMA = YES;
				CLANG_WARN_CONSTANT_CONVERSION = YES;
				CLANG_WARN_DEPRECATED_OBJC_IMPLEMENTATIONS = YES;
				CLANG_WARN_DIRECT_OBJC_ISA_USAGE = YES_ERROR;
				CLANG_WARN_DOCUMENTATION_COMMENTS = YES;
				CLANG_WARN_EMPTY_BODY = YES;
				CLANG_WARN_ENUM_CONVERSION = YES;
				CLANG_WARN_INFINITE_RECURSION = YES;
				CLANG_WARN_INT_CONVERSION = YES;
				CLANG_WARN_NON_LITERAL_NULL_CONVERSION = YES;
				CLANG_WARN_OBJC_IMPLICIT_RETAIN_SELF = YES;
				CLANG_WARN_OBJC_LITERAL_CONVERSION = YES;
				CLANG_WARN_OBJC_ROOT_CLASS = YES_ERROR;
				CLANG_WARN_QUOTED_INCLUDE_IN_FRAMEWORK_HEADER = YES;
				CLANG_WARN_RANGE_LOOP_ANALYSIS = YES;
				CLANG_WARN_STRICT_PROTOTYPES = YES;
				CLANG_WARN_SUSPICIOUS_MOVE = YES;
				CLANG_WARN_UNGUARDED_AVAILABILITY = YES_AGGRESSIVE;
				CLANG_WARN_UNREACHABLE_CODE = YES;
				CLANG_WARN__DUPLICATE_METHOD_MATCH = YES;
				COPY_PHASE_STRIP = NO;
				DEBUG_INFORMATION_FORMAT = dwarf;
				ENABLE_STRICT_OBJC_MSGSEND = YES;
				ENABLE_TESTABILITY = YES;
				ENABLE_USER_SCRIPT_SANDBOXING = YES;
				GCC_C_LANGUAGE_STANDARD = gnu17;
				GCC_DYNAMIC_NO_PIC = NO;
				GCC_NO_COMMON_BLOCKS = YES;
				GCC_OPTIMIZATION_LEVEL = 0;
				GCC_PREPROCESSOR_DEFINITIONS = (
					"DEBUG=1",
					"$(inherited)",
				);
				GCC_WARN_64_TO_32_BIT_CONVERSION = YES;
				GCC_WARN_ABOUT_RETURN_TYPE = YES_ERROR;
				GCC_WARN_UNDECLARED_SELECTOR = YES;
				GCC_WARN_UNINITIALIZED_AUTOS = YES_AGGRESSIVE;
				GCC_WARN_UNUSED_FUNCTION = YES;
				GCC_WARN_UNUSED_VARIABLE = YES;
				IPHONEOS_DEPLOYMENT_TARGET = 16.0;
				LOCALIZATION_PREFERS_STRING_CATALOGS = YES;
				MTL_ENABLE_DEBUG_INFO = INCLUDE_SOURCE;
				MTL_FAST_MATH = YES;
				ONLY_ACTIVE_ARCH = YES;
				SDKROOT = iphoneos;
				SWIFT_ACTIVE_COMPILATION_CONDITIONS = "DEBUG $(inherited)";
				SWIFT_OPTIMIZATION_LEVEL = "-Onone";
			};
			name = Debug;
		};
		3D588C612BDACF6D00EB98B4 /* Release */ = {
			isa = XCBuildConfiguration;
			buildSettings = {
				ALWAYS_SEARCH_USER_PATHS = NO;
				ASSETCATALOG_COMPILER_GENERATE_SWIFT_ASSET_SYMBOL_EXTENSIONS = YES;
				CLANG_ANALYZER_NONNULL = YES;
				CLANG_ANALYZER_NUMBER_OBJECT_CONVERSION = YES_AGGRESSIVE;
				CLANG_CXX_LANGUAGE_STANDARD = "gnu++20";
				CLANG_ENABLE_MODULES = YES;
				CLANG_ENABLE_OBJC_ARC = YES;
				CLANG_ENABLE_OBJC_WEAK = YES;
				CLANG_WARN_BLOCK_CAPTURE_AUTORELEASING = YES;
				CLANG_WARN_BOOL_CONVERSION = YES;
				CLANG_WARN_COMMA = YES;
				CLANG_WARN_CONSTANT_CONVERSION = YES;
				CLANG_WARN_DEPRECATED_OBJC_IMPLEMENTATIONS = YES;
				CLANG_WARN_DIRECT_OBJC_ISA_USAGE = YES_ERROR;
				CLANG_WARN_DOCUMENTATION_COMMENTS = YES;
				CLANG_WARN_EMPTY_BODY = YES;
				CLANG_WARN_ENUM_CONVERSION = YES;
				CLANG_WARN_INFINITE_RECURSION = YES;
				CLANG_WARN_INT_CONVERSION = YES;
				CLANG_WARN_NON_LITERAL_NULL_CONVERSION = YES;
				CLANG_WARN_OBJC_IMPLICIT_RETAIN_SELF = YES;
				CLANG_WARN_OBJC_LITERAL_CONVERSION = YES;
				CLANG_WARN_OBJC_ROOT_CLASS = YES_ERROR;
				CLANG_WARN_QUOTED_INCLUDE_IN_FRAMEWORK_HEADER = YES;
				CLANG_WARN_RANGE_LOOP_ANALYSIS = YES;
				CLANG_WARN_STRICT_PROTOTYPES = YES;
				CLANG_WARN_SUSPICIOUS_MOVE = YES;
				CLANG_WARN_UNGUARDED_AVAILABILITY = YES_AGGRESSIVE;
				CLANG_WARN_UNREACHABLE_CODE = YES;
				CLANG_WARN__DUPLICATE_METHOD_MATCH = YES;
				COPY_PHASE_STRIP = NO;
				DEBUG_INFORMATION_FORMAT = "dwarf-with-dsym";
				ENABLE_NS_ASSERTIONS = NO;
				ENABLE_STRICT_OBJC_MSGSEND = YES;
				ENABLE_USER_SCRIPT_SANDBOXING = YES;
				GCC_C_LANGUAGE_STANDARD = gnu17;
				GCC_NO_COMMON_BLOCKS = YES;
				GCC_WARN_64_TO_32_BIT_CONVERSION = YES;
				GCC_WARN_ABOUT_RETURN_TYPE = YES_ERROR;
				GCC_WARN_UNDECLARED_SELECTOR = YES;
				GCC_WARN_UNINITIALIZED_AUTOS = YES_AGGRESSIVE;
				GCC_WARN_UNUSED_FUNCTION = YES;
				GCC_WARN_UNUSED_VARIABLE = YES;
				IPHONEOS_DEPLOYMENT_TARGET = 16.0;
				LOCALIZATION_PREFERS_STRING_CATALOGS = YES;
				MTL_ENABLE_DEBUG_INFO = NO;
				MTL_FAST_MATH = YES;
				SDKROOT = iphoneos;
				SWIFT_COMPILATION_MODE = wholemodule;
				VALIDATE_PRODUCT = YES;
			};
			name = Release;
		};
		3D588C632BDACF6D00EB98B4 /* Debug */ = {
			isa = XCBuildConfiguration;
			buildSettings = {
				ASSETCATALOG_COMPILER_APPICON_NAME = AppIcon;
				ASSETCATALOG_COMPILER_GLOBAL_ACCENT_COLOR_NAME = AccentColor;
				CODE_SIGN_STYLE = Automatic;
				CURRENT_PROJECT_VERSION = 1;
				DEVELOPMENT_TEAM = 68CMYQWY48;
				GENERATE_INFOPLIST_FILE = YES;
				INFOPLIST_FILE = GithubSearchAppUIKit/Info.plist;
				INFOPLIST_KEY_UIApplicationSupportsIndirectInputEvents = YES;
				INFOPLIST_KEY_UILaunchStoryboardName = LaunchScreen;
				INFOPLIST_KEY_UISupportedInterfaceOrientations = UIInterfaceOrientationPortrait;
				INFOPLIST_KEY_UISupportedInterfaceOrientations_iPad = "UIInterfaceOrientationLandscapeLeft UIInterfaceOrientationLandscapeRight UIInterfaceOrientationPortrait UIInterfaceOrientationPortraitUpsideDown";
				IPHONEOS_DEPLOYMENT_TARGET = 16.0;
				LD_RUNPATH_SEARCH_PATHS = (
					"$(inherited)",
					"@executable_path/Frameworks",
				);
				MARKETING_VERSION = 1.0;
				PRODUCT_BUNDLE_IDENTIFIER = RBC.GithubSearchAppUIKit;
				PRODUCT_NAME = "$(TARGET_NAME)";
				SUPPORTED_PLATFORMS = "iphoneos iphonesimulator";
				SUPPORTS_MACCATALYST = NO;
				SUPPORTS_MAC_DESIGNED_FOR_IPHONE_IPAD = NO;
				SWIFT_EMIT_LOC_STRINGS = YES;
				SWIFT_VERSION = 5.0;
				TARGETED_DEVICE_FAMILY = 1;
			};
			name = Debug;
		};
		3D588C642BDACF6D00EB98B4 /* Release */ = {
			isa = XCBuildConfiguration;
			buildSettings = {
				ASSETCATALOG_COMPILER_APPICON_NAME = AppIcon;
				ASSETCATALOG_COMPILER_GLOBAL_ACCENT_COLOR_NAME = AccentColor;
				CODE_SIGN_STYLE = Automatic;
				CURRENT_PROJECT_VERSION = 1;
				DEVELOPMENT_TEAM = 68CMYQWY48;
				GENERATE_INFOPLIST_FILE = YES;
				INFOPLIST_FILE = GithubSearchAppUIKit/Info.plist;
				INFOPLIST_KEY_UIApplicationSupportsIndirectInputEvents = YES;
				INFOPLIST_KEY_UILaunchStoryboardName = LaunchScreen;
				INFOPLIST_KEY_UISupportedInterfaceOrientations = UIInterfaceOrientationPortrait;
				INFOPLIST_KEY_UISupportedInterfaceOrientations_iPad = "UIInterfaceOrientationLandscapeLeft UIInterfaceOrientationLandscapeRight UIInterfaceOrientationPortrait UIInterfaceOrientationPortraitUpsideDown";
				IPHONEOS_DEPLOYMENT_TARGET = 16.0;
				LD_RUNPATH_SEARCH_PATHS = (
					"$(inherited)",
					"@executable_path/Frameworks",
				);
				MARKETING_VERSION = 1.0;
				PRODUCT_BUNDLE_IDENTIFIER = RBC.GithubSearchAppUIKit;
				PRODUCT_NAME = "$(TARGET_NAME)";
				SUPPORTED_PLATFORMS = "iphoneos iphonesimulator";
				SUPPORTS_MACCATALYST = NO;
				SUPPORTS_MAC_DESIGNED_FOR_IPHONE_IPAD = NO;
				SWIFT_EMIT_LOC_STRINGS = YES;
				SWIFT_VERSION = 5.0;
				TARGETED_DEVICE_FAMILY = 1;
			};
			name = Release;
		};
/* End XCBuildConfiguration section */

/* Begin XCConfigurationList section */
		3D588C492BDACF6B00EB98B4 /* Build configuration list for PBXProject "GithubSearchAppUIKit" */ = {
			isa = XCConfigurationList;
			buildConfigurations = (
				3D588C602BDACF6D00EB98B4 /* Debug */,
				3D588C612BDACF6D00EB98B4 /* Release */,
			);
			defaultConfigurationIsVisible = 0;
			defaultConfigurationName = Release;
		};
		3D588C622BDACF6D00EB98B4 /* Build configuration list for PBXNativeTarget "GithubSearchAppUIKit" */ = {
			isa = XCConfigurationList;
			buildConfigurations = (
				3D588C632BDACF6D00EB98B4 /* Debug */,
				3D588C642BDACF6D00EB98B4 /* Release */,
			);
			defaultConfigurationIsVisible = 0;
			defaultConfigurationName = Release;
		};
/* End XCConfigurationList section */
	};
	rootObject = 3D588C462BDACF6B00EB98B4 /* Project object */;
}
